
Microsoft Visual Studio Solution File, Format Version 12.00
# Visual Studio 15
VisualStudioVersion = 15.0.28307.1433
MinimumVisualStudioVersion = 10.0.40219.1
Project("{FAE04EC0-301F-11D3-BF4B-00C04F79EFBC}") = "UserDemo", "UserDemo\UserDemo.csproj", "{4AC8402F-B892-4A38-A1E0-40A13196DF45}"
EndProject
Global
	GlobalSection(SolutionConfigurationPlatforms) = preSolution
		Debug|Any CPU = Debug|Any CPU
		Release|Any CPU = Release|Any CPU
	EndGlobalSection
	GlobalSection(ProjectConfigurationPlatforms) = postSolution
		{4AC8402F-B892-4A38-A1E0-40A13196DF45}.Debug|Any CPU.ActiveCfg = Debug|Any CPU
		{4AC8402F-B892-4A38-A1E0-40A13196DF45}.Debug|Any CPU.Build.0 = Debug|Any CPU
		{4AC8402F-B892-4A38-A1E0-40A13196DF45}.Release|Any CPU.ActiveCfg = Release|Any CPU
		{4AC8402F-B892-4A38-A1E0-40A13196DF45}.Release|Any CPU.Build.0 = Release|Any CPU
	EndGlobalSection
	GlobalSection(SolutionProperties) = preSolution
		HideSolutionNode = FALSE
	EndGlobalSection
	GlobalSection(ExtensibilityGlobals) = postSolution
		SolutionGuid = {0CDD3739-01E8-4B21-AE67-8C3EF767679A}
	EndGlobalSection
EndGlobal
