
Microsoft Visual Studio Solution File, Format Version 12.00
# Visual Studio Version 16
VisualStudioVersion = 16.0.31129.286
MinimumVisualStudioVersion = 10.0.40219.1
Project("{FAE04EC0-301F-11D3-BF4B-00C04F79EFBC}") = "WebApplication6", "WebApplication6\WebApplication6.csproj", "{D0D666B4-16B9-4735-9087-F56FEA7EEED0}"
EndProject
Global
	GlobalSection(SolutionConfigurationPlatforms) = preSolution
		Debug|Any CPU = Debug|Any CPU
		Release|Any CPU = Release|Any CPU
	EndGlobalSection
	GlobalSection(ProjectConfigurationPlatforms) = postSolution
		{D0D666B4-16B9-4735-9087-F56FEA7EEED0}.Debug|Any CPU.ActiveCfg = Debug|Any CPU
		{D0D666B4-16B9-4735-9087-F56FEA7EEED0}.Debug|Any CPU.Build.0 = Debug|Any CPU
		{D0D666B4-16B9-4735-9087-F56FEA7EEED0}.Release|Any CPU.ActiveCfg = Release|Any CPU
		{D0D666B4-16B9-4735-9087-F56FEA7EEED0}.Release|Any CPU.Build.0 = Release|Any CPU
	EndGlobalSection
	GlobalSection(SolutionProperties) = preSolution
		HideSolutionNode = FALSE
	EndGlobalSection
	GlobalSection(ExtensibilityGlobals) = postSolution
		SolutionGuid = {52DF0D39-24D1-4B03-8BF6-44820B778C7F}
	EndGlobalSection
EndGlobal
