
Microsoft Visual Studio Solution File, Format Version 12.00
# Visual Studio 15
VisualStudioVersion = 15.0.28307.1433
MinimumVisualStudioVersion = 10.0.40219.1
Project("{FAE04EC0-301F-11D3-BF4B-00C04F79EFBC}") = "RestroOwners", "RestroOwners\RestroOwners.csproj", "{E8DC1067-C482-4283-9970-4C5E1463517B}"
EndProject
Global
	GlobalSection(SolutionConfigurationPlatforms) = preSolution
		Debug|Any CPU = Debug|Any CPU
		Release|Any CPU = Release|Any CPU
	EndGlobalSection
	GlobalSection(ProjectConfigurationPlatforms) = postSolution
		{E8DC1067-C482-4283-9970-4C5E1463517B}.Debug|Any CPU.ActiveCfg = Debug|Any CPU
		{E8DC1067-C482-4283-9970-4C5E1463517B}.Debug|Any CPU.Build.0 = Debug|Any CPU
		{E8DC1067-C482-4283-9970-4C5E1463517B}.Release|Any CPU.ActiveCfg = Release|Any CPU
		{E8DC1067-C482-4283-9970-4C5E1463517B}.Release|Any CPU.Build.0 = Release|Any CPU
	EndGlobalSection
	GlobalSection(SolutionProperties) = preSolution
		HideSolutionNode = FALSE
	EndGlobalSection
	GlobalSection(ExtensibilityGlobals) = postSolution
		SolutionGuid = {904D8F7F-A28B-410C-81C1-138C92A709AD}
	EndGlobalSection
EndGlobal
