
Microsoft Visual Studio Solution File, Format Version 12.00
# Visual Studio 15
VisualStudioVersion = 15.0.28307.1433
MinimumVisualStudioVersion = 10.0.40219.1
Project("{FAE04EC0-301F-11D3-BF4B-00C04F79EFBC}") = "AssignmentCrud", "AssignmentCrud\AssignmentCrud.csproj", "{89E49C1D-9BCD-4C2F-8576-091BF8E102C9}"
EndProject
Global
	GlobalSection(SolutionConfigurationPlatforms) = preSolution
		Debug|Any CPU = Debug|Any CPU
		Release|Any CPU = Release|Any CPU
	EndGlobalSection
	GlobalSection(ProjectConfigurationPlatforms) = postSolution
		{89E49C1D-9BCD-4C2F-8576-091BF8E102C9}.Debug|Any CPU.ActiveCfg = Debug|Any CPU
		{89E49C1D-9BCD-4C2F-8576-091BF8E102C9}.Debug|Any CPU.Build.0 = Debug|Any CPU
		{89E49C1D-9BCD-4C2F-8576-091BF8E102C9}.Release|Any CPU.ActiveCfg = Release|Any CPU
		{89E49C1D-9BCD-4C2F-8576-091BF8E102C9}.Release|Any CPU.Build.0 = Release|Any CPU
	EndGlobalSection
	GlobalSection(SolutionProperties) = preSolution
		HideSolutionNode = FALSE
	EndGlobalSection
	GlobalSection(ExtensibilityGlobals) = postSolution
		SolutionGuid = {39BC4E6A-7EA9-4AFB-A562-37EC3766E7DC}
	EndGlobalSection
EndGlobal
